
Microsoft Visual Studio Solution File, Format Version 12.00
# Visual Studio 2012
Project("{FAE04EC0-301F-11D3-BF4B-00C04F79EFBC}") = "Controller Plugin", "Controller Plugin\Controller Plugin.csproj", "{51FD717F-5965-4C31-9BDD-051DA693A729}"
EndProject
Project("{FAE04EC0-301F-11D3-BF4B-00C04F79EFBC}") = "Controllers", "Controllers\Controllers.csproj", "{E523BDD8-4F4C-4C96-AFAD-84A1BC8A1353}"
EndProject
Project("{FAE04EC0-301F-11D3-BF4B-00C04F79EFBC}") = "AppWPF", "AppWPF\AppWPF.csproj", "{43DAE228-DB84-4845-843A-E6F4DE7E00C7}"
EndProject
Project("{FAE04EC0-301F-11D3-BF4B-00C04F79EFBC}") = "Core", "Core\Core.csproj", "{A00F2D39-4BC0-4DB9-A17A-2A1A9812BD20}"
EndProject
Project("{FAE04EC0-301F-11D3-BF4B-00C04F79EFBC}") = "AppTerminal", "AppTerminal\AppTerminal.csproj", "{774CCF4E-0A29-4D2D-8327-CC6307FFE603}"
EndProject
Project("{FAE04EC0-301F-11D3-BF4B-00C04F79EFBC}") = "App3D", "App3D\App3D.csproj", "{A7F8A710-032E-45A7-98BC-8BA94F584E74}"
EndProject
Global
	GlobalSection(SolutionConfigurationPlatforms) = preSolution
		Debug|Any CPU = Debug|Any CPU
		Debug|ARM = Debug|ARM
		Debug|Mixed Platforms = Debug|Mixed Platforms
		Debug|Win32 = Debug|Win32
		Debug|x64 = Debug|x64
		Debug|x86 = Debug|x86
		Release|Any CPU = Release|Any CPU
		Release|ARM = Release|ARM
		Release|Mixed Platforms = Release|Mixed Platforms
		Release|Win32 = Release|Win32
		Release|x64 = Release|x64
		Release|x86 = Release|x86
	EndGlobalSection
	GlobalSection(ProjectConfigurationPlatforms) = postSolution
		{51FD717F-5965-4C31-9BDD-051DA693A729}.Debug|Any CPU.ActiveCfg = Debug|Any CPU
		{51FD717F-5965-4C31-9BDD-051DA693A729}.Debug|Any CPU.Build.0 = Debug|Any CPU
		{51FD717F-5965-4C31-9BDD-051DA693A729}.Debug|ARM.ActiveCfg = Debug|Any CPU
		{51FD717F-5965-4C31-9BDD-051DA693A729}.Debug|Mixed Platforms.ActiveCfg = Debug|Any CPU
		{51FD717F-5965-4C31-9BDD-051DA693A729}.Debug|Mixed Platforms.Build.0 = Debug|Any CPU
		{51FD717F-5965-4C31-9BDD-051DA693A729}.Debug|Win32.ActiveCfg = Debug|Any CPU
		{51FD717F-5965-4C31-9BDD-051DA693A729}.Debug|x64.ActiveCfg = Debug|Any CPU
		{51FD717F-5965-4C31-9BDD-051DA693A729}.Debug|x86.ActiveCfg = Debug|Any CPU
		{51FD717F-5965-4C31-9BDD-051DA693A729}.Release|Any CPU.ActiveCfg = Release|Any CPU
		{51FD717F-5965-4C31-9BDD-051DA693A729}.Release|Any CPU.Build.0 = Release|Any CPU
		{51FD717F-5965-4C31-9BDD-051DA693A729}.Release|ARM.ActiveCfg = Release|Any CPU
		{51FD717F-5965-4C31-9BDD-051DA693A729}.Release|Mixed Platforms.ActiveCfg = Release|Any CPU
		{51FD717F-5965-4C31-9BDD-051DA693A729}.Release|Mixed Platforms.Build.0 = Release|Any CPU
		{51FD717F-5965-4C31-9BDD-051DA693A729}.Release|Win32.ActiveCfg = Release|Any CPU
		{51FD717F-5965-4C31-9BDD-051DA693A729}.Release|x64.ActiveCfg = Release|Any CPU
		{51FD717F-5965-4C31-9BDD-051DA693A729}.Release|x86.ActiveCfg = Release|Any CPU
		{E523BDD8-4F4C-4C96-AFAD-84A1BC8A1353}.Debug|Any CPU.ActiveCfg = Debug|Any CPU
		{E523BDD8-4F4C-4C96-AFAD-84A1BC8A1353}.Debug|Any CPU.Build.0 = Debug|Any CPU
		{E523BDD8-4F4C-4C96-AFAD-84A1BC8A1353}.Debug|ARM.ActiveCfg = Debug|Any CPU
		{E523BDD8-4F4C-4C96-AFAD-84A1BC8A1353}.Debug|Mixed Platforms.ActiveCfg = Debug|Any CPU
		{E523BDD8-4F4C-4C96-AFAD-84A1BC8A1353}.Debug|Mixed Platforms.Build.0 = Debug|Any CPU
		{E523BDD8-4F4C-4C96-AFAD-84A1BC8A1353}.Debug|Win32.ActiveCfg = Debug|Any CPU
		{E523BDD8-4F4C-4C96-AFAD-84A1BC8A1353}.Debug|x64.ActiveCfg = Debug|Any CPU
		{E523BDD8-4F4C-4C96-AFAD-84A1BC8A1353}.Debug|x86.ActiveCfg = Debug|Any CPU
		{E523BDD8-4F4C-4C96-AFAD-84A1BC8A1353}.Release|Any CPU.ActiveCfg = Release|Any CPU
		{E523BDD8-4F4C-4C96-AFAD-84A1BC8A1353}.Release|Any CPU.Build.0 = Release|Any CPU
		{E523BDD8-4F4C-4C96-AFAD-84A1BC8A1353}.Release|ARM.ActiveCfg = Release|Any CPU
		{E523BDD8-4F4C-4C96-AFAD-84A1BC8A1353}.Release|Mixed Platforms.ActiveCfg = Release|Any CPU
		{E523BDD8-4F4C-4C96-AFAD-84A1BC8A1353}.Release|Mixed Platforms.Build.0 = Release|Any CPU
		{E523BDD8-4F4C-4C96-AFAD-84A1BC8A1353}.Release|Win32.ActiveCfg = Release|Any CPU
		{E523BDD8-4F4C-4C96-AFAD-84A1BC8A1353}.Release|x64.ActiveCfg = Release|Any CPU
		{E523BDD8-4F4C-4C96-AFAD-84A1BC8A1353}.Release|x86.ActiveCfg = Release|Any CPU
		{43DAE228-DB84-4845-843A-E6F4DE7E00C7}.Debug|Any CPU.ActiveCfg = Debug|x86
		{43DAE228-DB84-4845-843A-E6F4DE7E00C7}.Debug|ARM.ActiveCfg = Debug|x86
		{43DAE228-DB84-4845-843A-E6F4DE7E00C7}.Debug|Mixed Platforms.ActiveCfg = Debug|x86
		{43DAE228-DB84-4845-843A-E6F4DE7E00C7}.Debug|Mixed Platforms.Build.0 = Debug|x86
		{43DAE228-DB84-4845-843A-E6F4DE7E00C7}.Debug|Win32.ActiveCfg = Debug|x86
		{43DAE228-DB84-4845-843A-E6F4DE7E00C7}.Debug|x64.ActiveCfg = Debug|x86
		{43DAE228-DB84-4845-843A-E6F4DE7E00C7}.Debug|x86.ActiveCfg = Debug|x86
		{43DAE228-DB84-4845-843A-E6F4DE7E00C7}.Debug|x86.Build.0 = Debug|x86
		{43DAE228-DB84-4845-843A-E6F4DE7E00C7}.Release|Any CPU.ActiveCfg = Release|x86
		{43DAE228-DB84-4845-843A-E6F4DE7E00C7}.Release|ARM.ActiveCfg = Release|x86
		{43DAE228-DB84-4845-843A-E6F4DE7E00C7}.Release|Mixed Platforms.ActiveCfg = Release|x86
		{43DAE228-DB84-4845-843A-E6F4DE7E00C7}.Release|Mixed Platforms.Build.0 = Release|x86
		{43DAE228-DB84-4845-843A-E6F4DE7E00C7}.Release|Win32.ActiveCfg = Release|x86
		{43DAE228-DB84-4845-843A-E6F4DE7E00C7}.Release|x64.ActiveCfg = Release|x86
		{43DAE228-DB84-4845-843A-E6F4DE7E00C7}.Release|x86.ActiveCfg = Release|x86
		{43DAE228-DB84-4845-843A-E6F4DE7E00C7}.Release|x86.Build.0 = Release|x86
		{A00F2D39-4BC0-4DB9-A17A-2A1A9812BD20}.Debug|Any CPU.ActiveCfg = Debug|Any CPU
		{A00F2D39-4BC0-4DB9-A17A-2A1A9812BD20}.Debug|Any CPU.Build.0 = Debug|Any CPU
		{A00F2D39-4BC0-4DB9-A17A-2A1A9812BD20}.Debug|ARM.ActiveCfg = Debug|Any CPU
		{A00F2D39-4BC0-4DB9-A17A-2A1A9812BD20}.Debug|Mixed Platforms.ActiveCfg = Debug|Any CPU
		{A00F2D39-4BC0-4DB9-A17A-2A1A9812BD20}.Debug|Mixed Platforms.Build.0 = Debug|Any CPU
		{A00F2D39-4BC0-4DB9-A17A-2A1A9812BD20}.Debug|Win32.ActiveCfg = Debug|Any CPU
		{A00F2D39-4BC0-4DB9-A17A-2A1A9812BD20}.Debug|x64.ActiveCfg = Debug|Any CPU
		{A00F2D39-4BC0-4DB9-A17A-2A1A9812BD20}.Debug|x86.ActiveCfg = Debug|Any CPU
		{A00F2D39-4BC0-4DB9-A17A-2A1A9812BD20}.Release|Any CPU.ActiveCfg = Release|Any CPU
		{A00F2D39-4BC0-4DB9-A17A-2A1A9812BD20}.Release|Any CPU.Build.0 = Release|Any CPU
		{A00F2D39-4BC0-4DB9-A17A-2A1A9812BD20}.Release|ARM.ActiveCfg = Release|Any CPU
		{A00F2D39-4BC0-4DB9-A17A-2A1A9812BD20}.Release|Mixed Platforms.ActiveCfg = Release|Any CPU
		{A00F2D39-4BC0-4DB9-A17A-2A1A9812BD20}.Release|Mixed Platforms.Build.0 = Release|Any CPU
		{A00F2D39-4BC0-4DB9-A17A-2A1A9812BD20}.Release|Win32.ActiveCfg = Release|Any CPU
		{A00F2D39-4BC0-4DB9-A17A-2A1A9812BD20}.Release|x64.ActiveCfg = Release|Any CPU
		{A00F2D39-4BC0-4DB9-A17A-2A1A9812BD20}.Release|x86.ActiveCfg = Release|Any CPU
		{774CCF4E-0A29-4D2D-8327-CC6307FFE603}.Debug|Any CPU.ActiveCfg = Debug|x86
		{774CCF4E-0A29-4D2D-8327-CC6307FFE603}.Debug|ARM.ActiveCfg = Debug|x86
		{774CCF4E-0A29-4D2D-8327-CC6307FFE603}.Debug|Mixed Platforms.ActiveCfg = Debug|x86
		{774CCF4E-0A29-4D2D-8327-CC6307FFE603}.Debug|Mixed Platforms.Build.0 = Debug|x86
		{774CCF4E-0A29-4D2D-8327-CC6307FFE603}.Debug|Win32.ActiveCfg = Debug|x86
		{774CCF4E-0A29-4D2D-8327-CC6307FFE603}.Debug|x64.ActiveCfg = Debug|x86
		{774CCF4E-0A29-4D2D-8327-CC6307FFE603}.Debug|x86.ActiveCfg = Debug|x86
		{774CCF4E-0A29-4D2D-8327-CC6307FFE603}.Debug|x86.Build.0 = Debug|x86
		{774CCF4E-0A29-4D2D-8327-CC6307FFE603}.Release|Any CPU.ActiveCfg = Release|x86
		{774CCF4E-0A29-4D2D-8327-CC6307FFE603}.Release|ARM.ActiveCfg = Release|x86
		{774CCF4E-0A29-4D2D-8327-CC6307FFE603}.Release|Mixed Platforms.ActiveCfg = Release|x86
		{774CCF4E-0A29-4D2D-8327-CC6307FFE603}.Release|Mixed Platforms.Build.0 = Release|x86
		{774CCF4E-0A29-4D2D-8327-CC6307FFE603}.Release|Win32.ActiveCfg = Release|x86
		{774CCF4E-0A29-4D2D-8327-CC6307FFE603}.Release|x64.ActiveCfg = Release|x86
		{774CCF4E-0A29-4D2D-8327-CC6307FFE603}.Release|x86.ActiveCfg = Release|x86
		{774CCF4E-0A29-4D2D-8327-CC6307FFE603}.Release|x86.Build.0 = Release|x86
		{A7F8A710-032E-45A7-98BC-8BA94F584E74}.Debug|Any CPU.ActiveCfg = Debug|x86
		{A7F8A710-032E-45A7-98BC-8BA94F584E74}.Debug|ARM.ActiveCfg = Debug|x86
		{A7F8A710-032E-45A7-98BC-8BA94F584E74}.Debug|Mixed Platforms.ActiveCfg = Debug|x86
		{A7F8A710-032E-45A7-98BC-8BA94F584E74}.Debug|Mixed Platforms.Build.0 = Debug|x86
		{A7F8A710-032E-45A7-98BC-8BA94F584E74}.Debug|Win32.ActiveCfg = Debug|x86
		{A7F8A710-032E-45A7-98BC-8BA94F584E74}.Debug|Win32.Build.0 = Debug|x86
		{A7F8A710-032E-45A7-98BC-8BA94F584E74}.Debug|x64.ActiveCfg = Debug|x86
		{A7F8A710-032E-45A7-98BC-8BA94F584E74}.Debug|x86.ActiveCfg = Debug|x86
		{A7F8A710-032E-45A7-98BC-8BA94F584E74}.Debug|x86.Build.0 = Debug|x86
		{A7F8A710-032E-45A7-98BC-8BA94F584E74}.Release|Any CPU.ActiveCfg = Release|x86
		{A7F8A710-032E-45A7-98BC-8BA94F584E74}.Release|ARM.ActiveCfg = Release|x86
		{A7F8A710-032E-45A7-98BC-8BA94F584E74}.Release|Mixed Platforms.ActiveCfg = Release|x86
		{A7F8A710-032E-45A7-98BC-8BA94F584E74}.Release|Mixed Platforms.Build.0 = Release|x86
		{A7F8A710-032E-45A7-98BC-8BA94F584E74}.Release|Win32.ActiveCfg = Release|x86
		{A7F8A710-032E-45A7-98BC-8BA94F584E74}.Release|Win32.Build.0 = Release|x86
		{A7F8A710-032E-45A7-98BC-8BA94F584E74}.Release|x64.ActiveCfg = Release|x86
		{A7F8A710-032E-45A7-98BC-8BA94F584E74}.Release|x86.ActiveCfg = Release|x86
		{A7F8A710-032E-45A7-98BC-8BA94F584E74}.Release|x86.Build.0 = Release|x86
	EndGlobalSection
	GlobalSection(SolutionProperties) = preSolution
		HideSolutionNode = FALSE
	EndGlobalSection
	GlobalSection(SubversionScc) = preSolution
		Svn-Managed = True
		Manager = AnkhSVN - Subversion Support for Visual Studio
	EndGlobalSection
EndGlobal
